<Solution>
  <Configurations>
    <Platform Name="ARM64" />
    <Platform Name="x64" />
    <Platform Name="X86" />
  </Configurations>
  <Project Path="src/ThreadShelf.csproj">
    <Platform Solution="*|ARM64" Project="ARM64" />
    <Platform Solution="*|x64" Project="x64" />
    <Platform Solution="*|X86" Project="X86" />
  </Project>
</Solution>
